{
  "name": "mern-note-app",
  "lockfileVersion": 2,
  "requires": true,
  "packages": {
    "": {
      "dependencies": {
        "emoji-mart": "^5.5.2"
      }
    },
    "node_modules/emoji-mart": {
      "version": "5.5.2",
      "resolved": "https://registry.npmjs.org/emoji-mart/-/emoji-mart-5.5.2.tgz",
      "integrity": "sha512-Sqc/nso4cjxhOwWJsp9xkVm8OF5c+mJLZJFoFfzRuKO+yWiN7K8c96xmtughYb0d/fZ8UC6cLIQ/p4BR6Pv3/A=="
    }
  },
  "dependencies": {
    "emoji-mart": {
      "version": "5.5.2",
      "resolved": "https://registry.npmjs.org/emoji-mart/-/emoji-mart-5.5.2.tgz",
      "integrity": "sha512-Sqc/nso4cjxhOwWJsp9xkVm8OF5c+mJLZJFoFfzRuKO+yWiN7K8c96xmtughYb0d/fZ8UC6cLIQ/p4BR6Pv3/A=="
    }
  }
}
